
Microsoft Visual Studio Solution File, Format Version 12.00
# Visual Studio Version 16
VisualStudioVersion = 16.0.30114.105
MinimumVisualStudioVersion = 10.0.40219.1
Project("{9A19103F-16F7-4668-BE54-9A1E7A4F7556}") = "RestApi", "ApiRest\RestApi.csproj", "{11F7A276-7B6D-488E-ABA6-5205921EC956}"
EndProject
Project("{9A19103F-16F7-4668-BE54-9A1E7A4F7556}") = "DataAccess", "DataAccess\DataAccess.csproj", "{2A13C645-10A3-406D-BC6E-DD8491639D93}"
EndProject
Global
	GlobalSection(SolutionConfigurationPlatforms) = preSolution
		Debug|Any CPU = Debug|Any CPU
		Release|Any CPU = Release|Any CPU
	EndGlobalSection
	GlobalSection(ProjectConfigurationPlatforms) = postSolution
		{11F7A276-7B6D-488E-ABA6-5205921EC956}.Debug|Any CPU.ActiveCfg = Debug|Any CPU
		{11F7A276-7B6D-488E-ABA6-5205921EC956}.Debug|Any CPU.Build.0 = Debug|Any CPU
		{11F7A276-7B6D-488E-ABA6-5205921EC956}.Release|Any CPU.ActiveCfg = Release|Any CPU
		{11F7A276-7B6D-488E-ABA6-5205921EC956}.Release|Any CPU.Build.0 = Release|Any CPU
		{2A13C645-10A3-406D-BC6E-DD8491639D93}.Debug|Any CPU.ActiveCfg = Debug|Any CPU
		{2A13C645-10A3-406D-BC6E-DD8491639D93}.Debug|Any CPU.Build.0 = Debug|Any CPU
		{2A13C645-10A3-406D-BC6E-DD8491639D93}.Release|Any CPU.ActiveCfg = Release|Any CPU
		{2A13C645-10A3-406D-BC6E-DD8491639D93}.Release|Any CPU.Build.0 = Release|Any CPU
	EndGlobalSection
	GlobalSection(SolutionProperties) = preSolution
		HideSolutionNode = FALSE
	EndGlobalSection
	GlobalSection(ExtensibilityGlobals) = postSolution
		SolutionGuid = {15E8EB37-B35A-4DAD-83CD-E073CE6CB88E}
	EndGlobalSection
EndGlobal
